
Microsoft Visual Studio Solution File, Format Version 12.00
# Visual Studio Version 16
VisualStudioVersion = 16.0.30114.105
MinimumVisualStudioVersion = 10.0.40219.1
Project("{FAE04EC0-301F-11D3-BF4B-00C04F79EFBC}") = "CosmosRepositoryPagingSample", "CosmosRepositoryPagingSample\CosmosRepositoryPagingSample.csproj", "{B5383BC8-4925-414D-9B2A-10AD394B7FB5}"
EndProject
Project("{FAE04EC0-301F-11D3-BF4B-00C04F79EFBC}") = "CosmosDbSdkPagingSample", "CosmosDbSdkPagingSample\CosmosDbSdkPagingSample.csproj", "{3FE16091-3F28-45DF-BE84-C60421C2D3B4}"
EndProject
Global
	GlobalSection(SolutionConfigurationPlatforms) = preSolution
		Debug|Any CPU = Debug|Any CPU
		Release|Any CPU = Release|Any CPU
	EndGlobalSection
	GlobalSection(SolutionProperties) = preSolution
		HideSolutionNode = FALSE
	EndGlobalSection
	GlobalSection(ProjectConfigurationPlatforms) = postSolution
		{B5383BC8-4925-414D-9B2A-10AD394B7FB5}.Debug|Any CPU.ActiveCfg = Debug|Any CPU
		{B5383BC8-4925-414D-9B2A-10AD394B7FB5}.Debug|Any CPU.Build.0 = Debug|Any CPU
		{B5383BC8-4925-414D-9B2A-10AD394B7FB5}.Release|Any CPU.ActiveCfg = Release|Any CPU
		{B5383BC8-4925-414D-9B2A-10AD394B7FB5}.Release|Any CPU.Build.0 = Release|Any CPU
		{3FE16091-3F28-45DF-BE84-C60421C2D3B4}.Debug|Any CPU.ActiveCfg = Debug|Any CPU
		{3FE16091-3F28-45DF-BE84-C60421C2D3B4}.Debug|Any CPU.Build.0 = Debug|Any CPU
		{3FE16091-3F28-45DF-BE84-C60421C2D3B4}.Release|Any CPU.ActiveCfg = Release|Any CPU
		{3FE16091-3F28-45DF-BE84-C60421C2D3B4}.Release|Any CPU.Build.0 = Release|Any CPU
	EndGlobalSection
EndGlobal
